{"version":4,"terraform_version":"1.11.4","serial":3,"lineage":"bf77a77a-290d-6ae4-c442-fb9fce2afb2c","outputs":{},"resources":[{"mode":"data","type":"archive_file","name":"lambda_zip","provider":"provider[\"registry.opentofu.org/hashicorp/archive\"]","instances":[{"schema_version":0,"attributes":{"exclude_symlink_directories":null,"excludes":null,"id":"d8f76b36a38e363122dc3955655f7833a473168c","output_base64sha256":"P9T3YDg7dKBlcCcOp728DswsPhFr4gqco0NX1RkNhPw=","output_base64sha512":"TNogouOmgS2tVJVzxT5rbCaw3/t6tcrfGdoBYcEd3GIJKiuGDQ3LdgpQ4+yCDBAQ+BvvYMAmb3i30coJ0yFlEg==","output_file_mode":null,"output_md5":"c3fb4ecfb3c672ebd6a77a7d1894f0f4","output_path":"./lambda_function.zip","output_sha":"d8f76b36a38e363122dc3955655f7833a473168c","output_sha256":"3fd4f760383b74a06570270ea7bdbc0ecc2c3e116be20a9ca34357d5190d84fc","output_sha512":"4cda20a2e3a6812dad549573c53e6b6c26b0dffb7ab5cadf19da0161c11ddc62092a2b860d0dcb760a50e3ec820c1010f81bef60c0266f78b7d1ca09d3216512","output_size":254,"source":[],"source_content":null,"source_content_filename":null,"source_dir":null,"source_file":"./lambda_function.py","type":"zip"},"sensitive_attributes":[]}]},{"mode":"managed","type":"aws_s3_bucket","name":"test","provider":"provider[\"registry.opentofu.org/hashicorp/aws\"]","instances":[{"schema_version":0,"attributes":{"acceleration_status":"","acl":null,"arn":"arn:aws:s3:::test-20260204134234564900000001","bucket":"test-20260204134234564900000001","bucket_domain_name":"test-20260204134234564900000001.s3.amazonaws.com","bucket_prefix":"test-","bucket_region":"us-east-1","bucket_regional_domain_name":"test-20260204134234564900000001.s3.us-east-1.amazonaws.com","cors_rule":[],"force_destroy":false,"grant":[{"id":"ac6a8f53167518da914d2d596ad22d566934f7c710c1a34fd5f8b7785f251a1f","permissions":["FULL_CONTROL"],"type":"CanonicalUser","uri":""}],"hosted_zone_id":"Z3AQBSTGFYJSTF","id":"test-20260204134234564900000001","lifecycle_rule":[],"logging":[],"object_lock_configuration":[],"object_lock_enabled":false,"policy":"","region":"us-east-1","replication_configuration":[],"request_payer":"BucketOwner","server_side_encryption_configuration":[{"rule":[{"apply_server_side_encryption_by_default":[{"kms_master_key_id":"","sse_algorithm":"AES256"}],"bucket_key_enabled":false}]}],"tags":null,"tags_all":{},"timeouts":null,"versioning":[{"enabled":false,"mfa_delete":false}],"website":[],"website_domain":null,"website_endpoint":null},"sensitive_attributes":[],"private":"eyJlMmJmYjczMC1lY2FhLTExZTYtOGY4OC0zNDM2M2JjN2M0YzAiOnsiY3JlYXRlIjoxMjAwMDAwMDAwMDAwLCJkZWxldGUiOjM2MDAwMDAwMDAwMDAsInJlYWQiOjEyMDAwMDAwMDAwMDAsInVwZGF0ZSI6MTIwMDAwMDAwMDAwMH19"}]},{"mode":"managed","type":"aws_sqs_queue","name":"test_queue","provider":"provider[\"registry.opentofu.org/hashicorp/aws\"]","instances":[{"schema_version":0,"attributes":{"arn":"arn:aws:sqs:us-east-1:992382747916:test-queue","content_based_deduplication":false,"deduplication_scope":"","delay_seconds":0,"fifo_queue":false,"fifo_throughput_limit":"","id":"https://sqs.us-east-1.amazonaws.com/992382747916/test-queue","kms_data_key_reuse_period_seconds":300,"kms_master_key_id":"","max_message_size":262144,"message_retention_seconds":345600,"name":"test-queue","name_prefix":"","policy":"","receive_wait_time_seconds":0,"redrive_allow_policy":"","redrive_policy":"","region":"us-east-1","sqs_managed_sse_enabled":true,"tags":{},"tags_all":{},"timeouts":null,"url":"https://sqs.us-east-1.amazonaws.com/992382747916/test-queue","visibility_timeout_seconds":30},"sensitive_attributes":[],"private":"eyJlMmJmYjczMC1lY2FhLTExZTYtOGY4OC0zNDM2M2JjN2M0YzAiOnsiY3JlYXRlIjoxODAwMDAwMDAwMDAsImRlbGV0ZSI6MTgwMDAwMDAwMDAwLCJ1cGRhdGUiOjE4MDAwMDAwMDAwMH19","create_before_destroy":true}]},{"module":"module.lambda-writer","mode":"data","type":"aws_arn","name":"log_group_arn","provider":"provider[\"registry.opentofu.org/hashicorp/aws\"]","instances":[]},{"module":"module.lambda-writer","mode":"data","type":"aws_caller_identity","name":"current","provider":"provider[\"registry.opentofu.org/hashicorp/aws\"]","instances":[{"schema_version":0,"attributes":{"account_id":"992382747916","arn":"arn:aws:iam::992382747916:user/admin","id":"992382747916","user_id":"AIDA6ODU7AUGKEV3B6AL4"},"sensitive_attributes":[]}]},{"module":"module.lambda-writer","mode":"data","type":"aws_cloudwatch_log_group","name":"lambda","provider":"provider[\"registry.opentofu.org/hashicorp/aws\"]","instances":[]},{"module":"module.lambda-writer","mode":"data","type":"aws_iam_policy","name":"tracing","provider":"provider[\"registry.opentofu.org/hashicorp/aws\"]","instances":[]},{"module":"module.lambda-writer","mode":"data","type":"aws_iam_policy","name":"vpc","provider":"provider[\"registry.opentofu.org/hashicorp/aws\"]","instances":[]},{"module":"module.lambda-writer","mode":"data","type":"aws_iam_policy_document","name":"additional_inline","provider":"provider[\"registry.opentofu.org/hashicorp/aws\"]","instances":[{"index_key":0,"schema_version":0,"attributes":{"id":"1355640202","json":"{\n  \"Version\": \"2012-10-17\",\n  \"Statement\": [\n    {\n      \"Sid\": \"sqs\",\n      \"Effect\": \"Allow\",\n      \"Action\": \"sqs:SendMessage\",\n      \"Resource\": \"arn:aws:sqs:us-east-1:992382747916:test-queue\"\n    }\n  ]\n}","minified_json":"{\"Version\":\"2012-10-17\",\"Statement\":[{\"Sid\":\"sqs\",\"Effect\":\"Allow\",\"Action\":\"sqs:SendMessage\",\"Resource\":\"arn:aws:sqs:us-east-1:992382747916:test-queue\"}]}","override_json":null,"override_policy_documents":null,"policy_id":null,"source_json":null,"source_policy_documents":null,"statement":[{"actions":["sqs:SendMessage"],"condition":[],"effect":"Allow","not_actions":[],"not_principals":[],"not_resources":[],"principals":[],"resources":["arn:aws:sqs:us-east-1:992382747916:test-queue"],"sid":"sqs"}],"version":"2012-10-17"},"sensitive_attributes":[]}]},{"module":"module.lambda-writer","mode":"data","type":"aws_iam_policy_document","name":"assume_role","provider":"provider[\"registry.opentofu.org/hashicorp/aws\"]","instances":[{"index_key":0,"schema_version":0,"attributes":{"id":"2690255455","json":"{\n  \"Version\": \"2012-10-17\",\n  \"Statement\": [\n    {\n      \"Effect\": \"Allow\",\n      \"Action\": \"sts:AssumeRole\",\n      \"Principal\": {\n        \"Service\": \"lambda.amazonaws.com\"\n      }\n    }\n  ]\n}","minified_json":"{\"Version\":\"2012-10-17\",\"Statement\":[{\"Effect\":\"Allow\",\"Action\":\"sts:AssumeRole\",\"Principal\":{\"Service\":\"lambda.amazonaws.com\"}}]}","override_json":null,"override_policy_documents":null,"policy_id":null,"source_json":null,"source_policy_documents":null,"statement":[{"actions":["sts:AssumeRole"],"condition":[],"effect":"Allow","not_actions":[],"not_principals":[],"not_resources":[],"principals":[{"identifiers":["lambda.amazonaws.com"],"type":"Service"}],"resources":[],"sid":""}],"version":"2012-10-17"},"sensitive_attributes":[]}]},{"module":"module.lambda-writer","mode":"data","type":"aws_iam_policy_document","name":"async","provider":"provider[\"registry.opentofu.org/hashicorp/aws\"]","instances":[]},{"module":"module.lambda-writer","mode":"data","type":"aws_iam_policy_document","name":"dead_letter","provider":"provider[\"registry.opentofu.org/hashicorp/aws\"]","instances":[]},{"module":"module.lambda-writer","mode":"data","type":"aws_iam_policy_document","name":"logs","provider":"provider[\"registry.opentofu.org/hashicorp/aws\"]","instances":[{"index_key":0,"schema_version":0,"attributes":{"id":"3824637931","json":"{\n  \"Version\": \"2012-10-17\",\n  \"Statement\": [\n    {\n      \"Effect\": \"Allow\",\n      \"Action\": [\n        \"logs:PutLogEvents\",\n        \"logs:CreateLogStream\",\n        \"logs:CreateLogGroup\"\n      ],\n      \"Resource\": [\n        \"arn:aws:logs:us-east-1:992382747916:log-group:/aws/lambda/test-writer:*:*\",\n        \"arn:aws:logs:us-east-1:992382747916:log-group:/aws/lambda/test-writer:*\"\n      ]\n    }\n  ]\n}","minified_json":"{\"Version\":\"2012-10-17\",\"Statement\":[{\"Effect\":\"Allow\",\"Action\":[\"logs:PutLogEvents\",\"logs:CreateLogStream\",\"logs:CreateLogGroup\"],\"Resource\":[\"arn:aws:logs:us-east-1:992382747916:log-group:/aws/lambda/test-writer:*:*\",\"arn:aws:logs:us-east-1:992382747916:log-group:/aws/lambda/test-writer:*\"]}]}","override_json":null,"override_policy_documents":null,"policy_id":null,"source_json":null,"source_policy_documents":null,"statement":[{"actions":["logs:CreateLogGroup","logs:CreateLogStream","logs:PutLogEvents"],"condition":[],"effect":"Allow","not_actions":[],"not_principals":[],"not_resources":[],"principals":[],"resources":["arn:aws:logs:us-east-1:992382747916:log-group:/aws/lambda/test-writer:*","arn:aws:logs:us-east-1:992382747916:log-group:/aws/lambda/test-writer:*:*"],"sid":""}],"version":"2012-10-17"},"sensitive_attributes":[]}]},{"module":"module.lambda-writer","mode":"data","type":"aws_partition","name":"current","provider":"provider[\"registry.opentofu.org/hashicorp/aws\"]","instances":[{"schema_version":0,"attributes":{"dns_suffix":"amazonaws.com","id":"aws","partition":"aws","reverse_dns_prefix":"com.amazonaws"},"sensitive_attributes":[]}]},{"module":"module.lambda-writer","mode":"data","type":"aws_region","name":"current","provider":"provider[\"registry.opentofu.org/hashicorp/aws\"]","instances":[{"schema_version":0,"attributes":{"description":"US East (N. Virginia)","endpoint":"ec2.us-east-1.amazonaws.com","id":"us-east-1","name":"us-east-1","region":"us-east-1"},"sensitive_attributes":[]}]},{"module":"module.lambda-writer","mode":"data","type":"external","name":"archive_prepare","provider":"provider[\"registry.opentofu.org/hashicorp/external\"]","instances":[{"index_key":0,"schema_version":0,"attributes":{"id":"-","program":["python3",".terraform/modules/lambda-writer/package.py","prepare"],"query":{"artifacts_dir":"builds","docker":null,"hash_extra":"","hash_internal":"[\"64a8e3fb4fb2e4f314c02d1a86aa81432f3f52538f180b87e696ca246d98aa67\"]","paths":"{\"cwd\":\"/home/tushar/Projects/terraform/test\",\"module\":\".terraform/modules/lambda-writer\",\"root\":\".\"}","quiet":"true","recreate_missing_package":"true","runtime":"python3.13","source_path":"./lambda_function.py"},"result":{"build_plan":"{\"filename\": \"builds/9c36e723854b07d30831934c1e09ec90731e68f335c47261ea580080b50210e8.zip\", \"runtime\": \"python3.13\", \"artifacts_dir\": \"builds\", \"build_plan\": [[[\"zip\", \"lambda_function.py\", null]]], \"quiet\": \"true\"}","build_plan_filename":"builds/9c36e723854b07d30831934c1e09ec90731e68f335c47261ea580080b50210e8.plan.json","filename":"builds/9c36e723854b07d30831934c1e09ec90731e68f335c47261ea580080b50210e8.zip","timestamp":"1770212317846617000","was_missing":"false"},"working_dir":null},"sensitive_attributes":[]}]},{"module":"module.lambda-writer","mode":"managed","type":"aws_cloudwatch_log_group","name":"lambda","provider":"provider[\"registry.opentofu.org/hashicorp/aws\"]","instances":[{"index_key":0,"schema_version":0,"attributes":{"arn":"arn:aws:logs:us-east-1:992382747916:log-group:/aws/lambda/test-writer","deletion_protection_enabled":false,"id":"/aws/lambda/test-writer","kms_key_id":"","log_group_class":"STANDARD","name":"/aws/lambda/test-writer","name_prefix":"","region":"us-east-1","retention_in_days":0,"skip_destroy":false,"tags":{},"tags_all":{}},"sensitive_attributes":[],"private":"bnVsbA==","create_before_destroy":true}]},{"module":"module.lambda-writer","mode":"managed","type":"aws_iam_role","name":"lambda","provider":"provider[\"registry.opentofu.org/hashicorp/aws\"]","instances":[{"index_key":0,"schema_version":0,"attributes":{"arn":"arn:aws:iam::992382747916:role/test-writer","assume_role_policy":"{\"Statement\":[{\"Action\":\"sts:AssumeRole\",\"Effect\":\"Allow\",\"Principal\":{\"Service\":\"lambda.amazonaws.com\"}}],\"Version\":\"2012-10-17\"}","create_date":"2026-02-04T13:38:45Z","description":"","force_detach_policies":true,"id":"test-writer","inline_policy":[{"name":"test-writer-inline","policy":"{\"Version\":\"2012-10-17\",\"Statement\":[{\"Action\":\"sqs:SendMessage\",\"Effect\":\"Allow\",\"Resource\":\"arn:aws:sqs:us-east-1:992382747916:test-queue\",\"Sid\":\"sqs\"}]}"},{"name":"test-writer-logs","policy":"{\"Version\":\"2012-10-17\",\"Statement\":[{\"Action\":[\"logs:PutLogEvents\",\"logs:CreateLogStream\",\"logs:CreateLogGroup\"],\"Effect\":\"Allow\",\"Resource\":[\"arn:aws:logs:us-east-1:992382747916:log-group:/aws/lambda/test-writer:*:*\",\"arn:aws:logs:us-east-1:992382747916:log-group:/aws/lambda/test-writer:*\"]}]}"}],"managed_policy_arns":[],"max_session_duration":3600,"name":"test-writer","name_prefix":"","path":"/","permissions_boundary":"","tags":{},"tags_all":{},"unique_id":"AROA6ODU7AUGMFX4LLIM4"},"sensitive_attributes":[],"private":"bnVsbA==","dependencies":["module.lambda-writer.data.aws_iam_policy_document.assume_role"],"create_before_destroy":true}]},{"module":"module.lambda-writer","mode":"managed","type":"aws_iam_role_policy","name":"additional_inline","provider":"provider[\"registry.opentofu.org/hashicorp/aws\"]","instances":[{"index_key":0,"schema_version":0,"attributes":{"id":"test-writer:test-writer-inline","name":"test-writer-inline","name_prefix":"","policy":"{\"Version\":\"2012-10-17\",\"Statement\":[{\"Action\":\"sqs:SendMessage\",\"Effect\":\"Allow\",\"Resource\":\"arn:aws:sqs:us-east-1:992382747916:test-queue\",\"Sid\":\"sqs\"}]}","role":"test-writer"},"sensitive_attributes":[],"private":"bnVsbA==","dependencies":["aws_sqs_queue.test_queue","module.lambda-writer.aws_iam_role.lambda","module.lambda-writer.data.aws_iam_policy_document.additional_inline","module.lambda-writer.data.aws_iam_policy_document.assume_role"],"create_before_destroy":true}]},{"module":"module.lambda-writer","mode":"managed","type":"aws_iam_role_policy","name":"additional_json","provider":"provider[\"registry.opentofu.org/hashicorp/aws\"]","instances":[]},{"module":"module.lambda-writer","mode":"managed","type":"aws_iam_role_policy","name":"additional_jsons","provider":"provider[\"registry.opentofu.org/hashicorp/aws\"]","instances":[]},{"module":"module.lambda-writer","mode":"managed","type":"aws_iam_role_policy","name":"async","provider":"provider[\"registry.opentofu.org/hashicorp/aws\"]","instances":[]},{"module":"module.lambda-writer","mode":"managed","type":"aws_iam_role_policy","name":"dead_letter","provider":"provider[\"registry.opentofu.org/hashicorp/aws\"]","instances":[]},{"module":"module.lambda-writer","mode":"managed","type":"aws_iam_role_policy","name":"logs","provider":"provider[\"registry.opentofu.org/hashicorp/aws\"]","instances":[{"index_key":0,"schema_version":0,"attributes":{"id":"test-writer:test-writer-logs","name":"test-writer-logs","name_prefix":"","policy":"{\"Version\":\"2012-10-17\",\"Statement\":[{\"Action\":[\"logs:PutLogEvents\",\"logs:CreateLogStream\",\"logs:CreateLogGroup\"],\"Effect\":\"Allow\",\"Resource\":[\"arn:aws:logs:us-east-1:992382747916:log-group:/aws/lambda/test-writer:*:*\",\"arn:aws:logs:us-east-1:992382747916:log-group:/aws/lambda/test-writer:*\"]}]}","role":"test-writer"},"sensitive_attributes":[],"private":"bnVsbA==","dependencies":["module.lambda-writer.aws_cloudwatch_log_group.lambda","module.lambda-writer.aws_iam_role.lambda","module.lambda-writer.data.aws_arn.log_group_arn","module.lambda-writer.data.aws_cloudwatch_log_group.lambda","module.lambda-writer.data.aws_iam_policy_document.assume_role","module.lambda-writer.data.aws_iam_policy_document.logs"],"create_before_destroy":true}]},{"module":"module.lambda-writer","mode":"managed","type":"aws_iam_role_policy","name":"tracing","provider":"provider[\"registry.opentofu.org/hashicorp/aws\"]","instances":[]},{"module":"module.lambda-writer","mode":"managed","type":"aws_iam_role_policy","name":"vpc","provider":"provider[\"registry.opentofu.org/hashicorp/aws\"]","instances":[]},{"module":"module.lambda-writer","mode":"managed","type":"aws_iam_role_policy_attachment","name":"additional_many","provider":"provider[\"registry.opentofu.org/hashicorp/aws\"]","instances":[]},{"module":"module.lambda-writer","mode":"managed","type":"aws_iam_role_policy_attachment","name":"additional_one","provider":"provider[\"registry.opentofu.org/hashicorp/aws\"]","instances":[]},{"module":"module.lambda-writer","mode":"managed","type":"aws_lambda_function","name":"this","provider":"provider[\"registry.opentofu.org/hashicorp/aws\"]","instances":[{"index_key":0,"schema_version":0,"attributes":{"architectures":["x86_64"],"arn":"arn:aws:lambda:us-east-1:992382747916:function:test-writer","capacity_provider_config":[],"code_sha256":"5K3Nf4dO5oHN5xW+AG/jnO7fvGmyFTG50dlm8L467tU=","code_signing_config_arn":"","dead_letter_config":[],"description":"","durable_config":[],"environment":[],"ephemeral_storage":[{"size":512}],"file_system_config":[],"filename":"builds/9c36e723854b07d30831934c1e09ec90731e68f335c47261ea580080b50210e8.zip","function_name":"test-writer","handler":"index.handler","id":"test-writer","image_config":[],"image_uri":"","invoke_arn":"arn:aws:apigateway:us-east-1:lambda:path/2015-03-31/functions/arn:aws:lambda:us-east-1:992382747916:function:test-writer/invocations","kms_key_arn":"","last_modified":"2026-02-04T13:39:12.816+0000","layers":[],"logging_config":[{"application_log_level":"","log_format":"Text","log_group":"/aws/lambda/test-writer","system_log_level":""}],"memory_size":128,"package_type":"Zip","publish":false,"publish_to":null,"qualified_arn":"arn:aws:lambda:us-east-1:992382747916:function:test-writer:$LATEST","qualified_invoke_arn":"arn:aws:apigateway:us-east-1:lambda:path/2015-03-31/functions/arn:aws:lambda:us-east-1:992382747916:function:test-writer:$LATEST/invocations","region":"us-east-1","replace_security_groups_on_destroy":null,"replacement_security_group_ids":null,"reserved_concurrent_executions":-1,"response_streaming_invoke_arn":"arn:aws:apigateway:us-east-1:lambda:path/2021-11-15/functions/arn:aws:lambda:us-east-1:992382747916:function:test-writer/response-streaming-invocations","role":"arn:aws:iam::992382747916:role/test-writer","runtime":"python3.13","s3_bucket":null,"s3_key":null,"s3_object_version":null,"signing_job_arn":"","signing_profile_version_arn":"","skip_destroy":false,"snap_start":[],"source_code_hash":"5K3Nf4dO5oHN5xW+AG/jnO7fvGmyFTG50dlm8L467tU=","source_code_size":231,"source_kms_key_arn":"","tags":{},"tags_all":{},"tenancy_config":[],"timeout":3,"timeouts":null,"tracing_config":[{"mode":"PassThrough"}],"version":"$LATEST","vpc_config":[]},"sensitive_attributes":[],"private":"eyJlMmJmYjczMC1lY2FhLTExZTYtOGY4OC0zNDM2M2JjN2M0YzAiOnsiY3JlYXRlIjo2MDAwMDAwMDAwMDAsImRlbGV0ZSI6NjAwMDAwMDAwMDAwLCJ1cGRhdGUiOjYwMDAwMDAwMDAwMH19","dependencies":["aws_sqs_queue.test_queue","module.lambda-writer.aws_cloudwatch_log_group.lambda","module.lambda-writer.aws_iam_role.lambda","module.lambda-writer.aws_iam_role_policy.additional_inline","module.lambda-writer.aws_iam_role_policy.additional_json","module.lambda-writer.aws_iam_role_policy.additional_jsons","module.lambda-writer.aws_iam_role_policy.async","module.lambda-writer.aws_iam_role_policy.dead_letter","module.lambda-writer.aws_iam_role_policy.logs","module.lambda-writer.aws_iam_role_policy.tracing","module.lambda-writer.aws_iam_role_policy.vpc","module.lambda-writer.aws_iam_role_policy_attachment.additional_many","module.lambda-writer.aws_iam_role_policy_attachment.additional_one","module.lambda-writer.aws_s3_object.lambda_package","module.lambda-writer.data.aws_arn.log_group_arn","module.lambda-writer.data.aws_cloudwatch_log_group.lambda","module.lambda-writer.data.aws_iam_policy.tracing","module.lambda-writer.data.aws_iam_policy.vpc","module.lambda-writer.data.aws_iam_policy_document.additional_inline","module.lambda-writer.data.aws_iam_policy_document.assume_role","module.lambda-writer.data.aws_iam_policy_document.async","module.lambda-writer.data.aws_iam_policy_document.dead_letter","module.lambda-writer.data.aws_iam_policy_document.logs","module.lambda-writer.data.aws_partition.current","module.lambda-writer.data.external.archive_prepare","module.lambda-writer.local_file.archive_plan","module.lambda-writer.null_resource.archive"],"create_before_destroy":true}]},{"module":"module.lambda-writer","mode":"managed","type":"aws_s3_object","name":"lambda_package","provider":"provider[\"registry.opentofu.org/hashicorp/aws\"]","instances":[]},{"module":"module.lambda-writer","mode":"managed","type":"local_file","name":"archive_plan","provider":"provider[\"registry.opentofu.org/hashicorp/local\"]","instances":[{"index_key":0,"schema_version":0,"attributes":{"content":"{\"filename\": \"builds/9c36e723854b07d30831934c1e09ec90731e68f335c47261ea580080b50210e8.zip\", \"runtime\": \"python3.13\", \"artifacts_dir\": \"builds\", \"build_plan\": [[[\"zip\", \"lambda_function.py\", null]]], \"quiet\": \"true\"}","content_base64":null,"content_base64sha256":"HEz4YjBEt2fnjbeDrK0KXczTCjTz4qLvZoJ5FvEsY/I=","content_base64sha512":"BmJ2HEVzT7WZk/OsyMUdcXYYpzb9R+KgpuMHT866iVCslTuD5V1hHT6N2KVWgtWQrvZvfCO//adtfCixfoGPKw==","content_md5":"4e1e126ba134308495c5d18d0197734a","content_sha1":"0d1bd632aab0c5d858a347659f72f776e8b94125","content_sha256":"1c4cf8623044b767e78db783acad0a5dccd30a34f3e2a2ef66827916f12c63f2","content_sha512":"0662761c45734fb59993f3acc8c51d717618a736fd47e2a0a6e3074fceba8950ac953b83e55d611d3e8dd8a55682d590aef66f7c23bffda76d7c28b17e818f2b","directory_permission":"0755","file_permission":"0644","filename":"builds/9c36e723854b07d30831934c1e09ec90731e68f335c47261ea580080b50210e8.plan.json","id":"0d1bd632aab0c5d858a347659f72f776e8b94125","sensitive_content":null,"source":null},"sensitive_attributes":[[{"type":"get_attr","value":"content"}],[{"type":"get_attr","value":"sensitive_content"}]],"dependencies":["module.lambda-writer.data.external.archive_prepare"],"create_before_destroy":true}]},{"module":"module.lambda-writer","mode":"managed","type":"null_resource","name":"archive","provider":"provider[\"registry.opentofu.org/hashicorp/null\"]","instances":[{"index_key":0,"schema_version":0,"attributes":{"id":"5160054721792605470","triggers":{"filename":"builds/9c36e723854b07d30831934c1e09ec90731e68f335c47261ea580080b50210e8.zip","timestamp":"1770212317846617000"}},"sensitive_attributes":[],"dependencies":["module.lambda-writer.data.external.archive_prepare","module.lambda-writer.local_file.archive_plan"],"create_before_destroy":true}]}],"check_results":null}
