{
    "format_version": "1.2",
    "terraform_version": "1.11.4",
    "planned_values": {
        "root_module": {
            "resources": [
                {
                    "address": "aws_s3_bucket.test",
                    "mode": "managed",
                    "type": "aws_s3_bucket",
                    "name": "test",
                    "provider_name": "registry.opentofu.org/hashicorp/aws",
                    "schema_version": 0,
                    "values": {
                        "bucket": "test",
                        "force_destroy": false,
                        "region": "us-east-1",
                        "tags": null,
                        "timeouts": null
                    },
                    "sensitive_values": {
                        "cors_rule": [],
                        "grant": [],
                        "lifecycle_rule": [],
                        "logging": [],
                        "object_lock_configuration": [],
                        "replication_configuration": [],
                        "server_side_encryption_configuration": [],
                        "tags_all": {},
                        "versioning": [],
                        "website": []
                    }
                },
                {
                    "address": "aws_s3_bucket_object.test",
                    "mode": "managed",
                    "type": "aws_s3_bucket_object",
                    "name": "test",
                    "provider_name": "registry.opentofu.org/hashicorp/aws",
                    "schema_version": 0,
                    "values": {
                        "acl": "private",
                        "cache_control": null,
                        "content": null,
                        "content_base64": null,
                        "content_disposition": null,
                        "content_encoding": null,
                        "content_language": null,
                        "force_destroy": false,
                        "key": "test",
                        "metadata": null,
                        "object_lock_legal_hold_status": null,
                        "object_lock_mode": null,
                        "object_lock_retain_until_date": null,
                        "region": "us-east-1",
                        "source": "test.txt",
                        "source_hash": null,
                        "tags": null,
                        "website_redirect": null
                    },
                    "sensitive_values": {
                        "tags_all": {}
                    }
                }
            ]
        }
    },
    "resource_changes": [
        {
            "address": "aws_s3_bucket.test",
            "mode": "managed",
            "type": "aws_s3_bucket",
            "name": "test",
            "provider_name": "registry.opentofu.org/hashicorp/aws",
            "change": {
                "actions": [
                    "create"
                ],
                "before": null,
                "after": {
                    "bucket": "test",
                    "force_destroy": false,
                    "region": "us-east-1",
                    "tags": null,
                    "timeouts": null
                },
                "after_unknown": {
                    "acceleration_status": true,
                    "acl": true,
                    "arn": true,
                    "bucket_domain_name": true,
                    "bucket_prefix": true,
                    "bucket_region": true,
                    "bucket_regional_domain_name": true,
                    "cors_rule": true,
                    "grant": true,
                    "hosted_zone_id": true,
                    "id": true,
                    "lifecycle_rule": true,
                    "logging": true,
                    "object_lock_configuration": true,
                    "object_lock_enabled": true,
                    "policy": true,
                    "replication_configuration": true,
                    "request_payer": true,
                    "server_side_encryption_configuration": true,
                    "tags_all": true,
                    "versioning": true,
                    "website": true,
                    "website_domain": true,
                    "website_endpoint": true
                },
                "before_sensitive": false,
                "after_sensitive": {
                    "cors_rule": [],
                    "grant": [],
                    "lifecycle_rule": [],
                    "logging": [],
                    "object_lock_configuration": [],
                    "replication_configuration": [],
                    "server_side_encryption_configuration": [],
                    "tags_all": {},
                    "versioning": [],
                    "website": []
                }
            }
        },
        {
            "address": "aws_s3_bucket_object.test",
            "mode": "managed",
            "type": "aws_s3_bucket_object",
            "name": "test",
            "provider_name": "registry.opentofu.org/hashicorp/aws",
            "change": {
                "actions": [
                    "create"
                ],
                "before": null,
                "after": {
                    "acl": "private",
                    "cache_control": null,
                    "content": null,
                    "content_base64": null,
                    "content_disposition": null,
                    "content_encoding": null,
                    "content_language": null,
                    "force_destroy": false,
                    "key": "test",
                    "metadata": null,
                    "object_lock_legal_hold_status": null,
                    "object_lock_mode": null,
                    "object_lock_retain_until_date": null,
                    "region": "us-east-1",
                    "source": "test.txt",
                    "source_hash": null,
                    "tags": null,
                    "website_redirect": null
                },
                "after_unknown": {
                    "arn": true,
                    "bucket": true,
                    "bucket_key_enabled": true,
                    "content_type": true,
                    "etag": true,
                    "id": true,
                    "kms_key_id": true,
                    "server_side_encryption": true,
                    "storage_class": true,
                    "tags_all": true,
                    "version_id": true
                },
                "before_sensitive": false,
                "after_sensitive": {
                    "tags_all": {}
                }
            }
        }
    ],
    "configuration": {
        "provider_config": {
            "aws": {
                "name": "aws",
                "full_name": "registry.opentofu.org/hashicorp/aws",
                "version_constraint": "6.30.0",
                "expressions": {
                    "region": {
                        "constant_value": "us-east-1"
                    }
                }
            }
        },
        "root_module": {
            "resources": [
                {
                    "address": "aws_s3_bucket.test",
                    "mode": "managed",
                    "type": "aws_s3_bucket",
                    "name": "test",
                    "provider_config_key": "aws",
                    "expressions": {
                        "bucket": {
                            "constant_value": "test"
                        }
                    },
                    "schema_version": 0
                },
                {
                    "address": "aws_s3_bucket_object.test",
                    "mode": "managed",
                    "type": "aws_s3_bucket_object",
                    "name": "test",
                    "provider_config_key": "aws",
                    "expressions": {
                        "bucket": {
                            "references": [
                                "aws_s3_bucket.test.id",
                                "aws_s3_bucket.test"
                            ]
                        },
                        "key": {
                            "constant_value": "test"
                        },
                        "source": {
                            "constant_value": "test.txt"
                        }
                    },
                    "schema_version": 0
                }
            ]
        }
    },
    "relevant_attributes": [
        {
            "resource": "aws_s3_bucket.test",
            "attribute": [
                "id"
            ]
        }
    ],
    "timestamp": "2026-02-02T13:49:01Z",
    "errored": false
}